
Microsoft Visual Studio Solution File, Format Version 12.00
# Visual Studio 15
VisualStudioVersion = 15.0.27004.2008
MinimumVisualStudioVersion = 10.0.40219.1
Project("{FAE04EC0-301F-11D3-BF4B-00C04F79EFBC}") = "liemei.Service", "bnuxq.Service\liemei.Service.csproj", "{127580EF-0CF7-4664-BDAD-70B64A1C389B}"
EndProject
Project("{FAE04EC0-301F-11D3-BF4B-00C04F79EFBC}") = "liemei.Model", "bnuxq.Model\liemei.Model.csproj", "{4C76EF04-F288-40EB-96B0-46985ACF0C05}"
EndProject
Project("{FAE04EC0-301F-11D3-BF4B-00C04F79EFBC}") = "liemei.Dal", "bnuxq.Dal\liemei.Dal.csproj", "{B315BA5A-5061-4703-91B2-BB834597E318}"
EndProject
Project("{FAE04EC0-301F-11D3-BF4B-00C04F79EFBC}") = "liemei.Bll", "bnuxq.Bll\liemei.Bll.csproj", "{A3AD1A43-FC2F-4358-88C6-409D6B693A73}"
EndProject
Project("{FAE04EC0-301F-11D3-BF4B-00C04F79EFBC}") = "liemei.Common", "bnuxq.Common\liemei.Common.csproj", "{FE463DA6-E520-42D4-881B-33991A03635A}"
EndProject
Project("{FAE04EC0-301F-11D3-BF4B-00C04F79EFBC}") = "M2Mqtt.Net", "M2Mqtt\M2Mqtt.Net.csproj", "{A11AEF5A-B246-4FE8-8330-06DB73CC8074}"
EndProject
Project("{FAE04EC0-301F-11D3-BF4B-00C04F79EFBC}") = "Senparc.Weixin", "Senparc.Weixin\Senparc.Weixin.csproj", "{814092CD-9CD0-4FB7-91E8-D147F476F1FB}"
EndProject
Project("{FAE04EC0-301F-11D3-BF4B-00C04F79EFBC}") = "Senparc.Weixin.MP", "Senparc.Weixin.MP\Senparc.Weixin.MP.csproj", "{1D815FBF-451C-4E23-939C-CB80172F445C}"
EndProject
Project("{FAE04EC0-301F-11D3-BF4B-00C04F79EFBC}") = "liemei.WeChat", "bnuxq.WeChat\liemei.WeChat.csproj", "{47952D7D-FA2A-4B77-BEAC-CB7029ABA7C1}"
EndProject
Global
	GlobalSection(SolutionConfigurationPlatforms) = preSolution
		Debug|Any CPU = Debug|Any CPU
		Debug|x86 = Debug|x86
		Release|Any CPU = Release|Any CPU
		Release|x86 = Release|x86
		Test|Any CPU = Test|Any CPU
		Test|x86 = Test|x86
	EndGlobalSection
	GlobalSection(ProjectConfigurationPlatforms) = postSolution
		{127580EF-0CF7-4664-BDAD-70B64A1C389B}.Debug|Any CPU.ActiveCfg = Debug|Any CPU
		{127580EF-0CF7-4664-BDAD-70B64A1C389B}.Debug|Any CPU.Build.0 = Debug|Any CPU
		{127580EF-0CF7-4664-BDAD-70B64A1C389B}.Debug|x86.ActiveCfg = Debug|Any CPU
		{127580EF-0CF7-4664-BDAD-70B64A1C389B}.Debug|x86.Build.0 = Debug|Any CPU
		{127580EF-0CF7-4664-BDAD-70B64A1C389B}.Release|Any CPU.ActiveCfg = Release|Any CPU
		{127580EF-0CF7-4664-BDAD-70B64A1C389B}.Release|Any CPU.Build.0 = Release|Any CPU
		{127580EF-0CF7-4664-BDAD-70B64A1C389B}.Release|x86.ActiveCfg = Release|Any CPU
		{127580EF-0CF7-4664-BDAD-70B64A1C389B}.Release|x86.Build.0 = Release|Any CPU
		{127580EF-0CF7-4664-BDAD-70B64A1C389B}.Test|Any CPU.ActiveCfg = Release|Any CPU
		{127580EF-0CF7-4664-BDAD-70B64A1C389B}.Test|Any CPU.Build.0 = Release|Any CPU
		{127580EF-0CF7-4664-BDAD-70B64A1C389B}.Test|x86.ActiveCfg = Release|Any CPU
		{127580EF-0CF7-4664-BDAD-70B64A1C389B}.Test|x86.Build.0 = Release|Any CPU
		{4C76EF04-F288-40EB-96B0-46985ACF0C05}.Debug|Any CPU.ActiveCfg = Debug|Any CPU
		{4C76EF04-F288-40EB-96B0-46985ACF0C05}.Debug|Any CPU.Build.0 = Debug|Any CPU
		{4C76EF04-F288-40EB-96B0-46985ACF0C05}.Debug|x86.ActiveCfg = Debug|Any CPU
		{4C76EF04-F288-40EB-96B0-46985ACF0C05}.Debug|x86.Build.0 = Debug|Any CPU
		{4C76EF04-F288-40EB-96B0-46985ACF0C05}.Release|Any CPU.ActiveCfg = Release|Any CPU
		{4C76EF04-F288-40EB-96B0-46985ACF0C05}.Release|Any CPU.Build.0 = Release|Any CPU
		{4C76EF04-F288-40EB-96B0-46985ACF0C05}.Release|x86.ActiveCfg = Release|Any CPU
		{4C76EF04-F288-40EB-96B0-46985ACF0C05}.Release|x86.Build.0 = Release|Any CPU
		{4C76EF04-F288-40EB-96B0-46985ACF0C05}.Test|Any CPU.ActiveCfg = Release|Any CPU
		{4C76EF04-F288-40EB-96B0-46985ACF0C05}.Test|Any CPU.Build.0 = Release|Any CPU
		{4C76EF04-F288-40EB-96B0-46985ACF0C05}.Test|x86.ActiveCfg = Release|Any CPU
		{4C76EF04-F288-40EB-96B0-46985ACF0C05}.Test|x86.Build.0 = Release|Any CPU
		{B315BA5A-5061-4703-91B2-BB834597E318}.Debug|Any CPU.ActiveCfg = Debug|Any CPU
		{B315BA5A-5061-4703-91B2-BB834597E318}.Debug|Any CPU.Build.0 = Debug|Any CPU
		{B315BA5A-5061-4703-91B2-BB834597E318}.Debug|x86.ActiveCfg = Debug|Any CPU
		{B315BA5A-5061-4703-91B2-BB834597E318}.Debug|x86.Build.0 = Debug|Any CPU
		{B315BA5A-5061-4703-91B2-BB834597E318}.Release|Any CPU.ActiveCfg = Release|Any CPU
		{B315BA5A-5061-4703-91B2-BB834597E318}.Release|Any CPU.Build.0 = Release|Any CPU
		{B315BA5A-5061-4703-91B2-BB834597E318}.Release|x86.ActiveCfg = Release|Any CPU
		{B315BA5A-5061-4703-91B2-BB834597E318}.Release|x86.Build.0 = Release|Any CPU
		{B315BA5A-5061-4703-91B2-BB834597E318}.Test|Any CPU.ActiveCfg = Release|Any CPU
		{B315BA5A-5061-4703-91B2-BB834597E318}.Test|Any CPU.Build.0 = Release|Any CPU
		{B315BA5A-5061-4703-91B2-BB834597E318}.Test|x86.ActiveCfg = Release|Any CPU
		{B315BA5A-5061-4703-91B2-BB834597E318}.Test|x86.Build.0 = Release|Any CPU
		{A3AD1A43-FC2F-4358-88C6-409D6B693A73}.Debug|Any CPU.ActiveCfg = Debug|Any CPU
		{A3AD1A43-FC2F-4358-88C6-409D6B693A73}.Debug|Any CPU.Build.0 = Debug|Any CPU
		{A3AD1A43-FC2F-4358-88C6-409D6B693A73}.Debug|x86.ActiveCfg = Debug|Any CPU
		{A3AD1A43-FC2F-4358-88C6-409D6B693A73}.Debug|x86.Build.0 = Debug|Any CPU
		{A3AD1A43-FC2F-4358-88C6-409D6B693A73}.Release|Any CPU.ActiveCfg = Release|Any CPU
		{A3AD1A43-FC2F-4358-88C6-409D6B693A73}.Release|Any CPU.Build.0 = Release|Any CPU
		{A3AD1A43-FC2F-4358-88C6-409D6B693A73}.Release|x86.ActiveCfg = Release|Any CPU
		{A3AD1A43-FC2F-4358-88C6-409D6B693A73}.Release|x86.Build.0 = Release|Any CPU
		{A3AD1A43-FC2F-4358-88C6-409D6B693A73}.Test|Any CPU.ActiveCfg = Release|Any CPU
		{A3AD1A43-FC2F-4358-88C6-409D6B693A73}.Test|Any CPU.Build.0 = Release|Any CPU
		{A3AD1A43-FC2F-4358-88C6-409D6B693A73}.Test|x86.ActiveCfg = Release|Any CPU
		{A3AD1A43-FC2F-4358-88C6-409D6B693A73}.Test|x86.Build.0 = Release|Any CPU
		{FE463DA6-E520-42D4-881B-33991A03635A}.Debug|Any CPU.ActiveCfg = Debug|Any CPU
		{FE463DA6-E520-42D4-881B-33991A03635A}.Debug|Any CPU.Build.0 = Debug|Any CPU
		{FE463DA6-E520-42D4-881B-33991A03635A}.Debug|x86.ActiveCfg = Debug|Any CPU
		{FE463DA6-E520-42D4-881B-33991A03635A}.Debug|x86.Build.0 = Debug|Any CPU
		{FE463DA6-E520-42D4-881B-33991A03635A}.Release|Any CPU.ActiveCfg = Release|Any CPU
		{FE463DA6-E520-42D4-881B-33991A03635A}.Release|Any CPU.Build.0 = Release|Any CPU
		{FE463DA6-E520-42D4-881B-33991A03635A}.Release|x86.ActiveCfg = Release|Any CPU
		{FE463DA6-E520-42D4-881B-33991A03635A}.Release|x86.Build.0 = Release|Any CPU
		{FE463DA6-E520-42D4-881B-33991A03635A}.Test|Any CPU.ActiveCfg = Release|Any CPU
		{FE463DA6-E520-42D4-881B-33991A03635A}.Test|Any CPU.Build.0 = Release|Any CPU
		{FE463DA6-E520-42D4-881B-33991A03635A}.Test|x86.ActiveCfg = Release|Any CPU
		{FE463DA6-E520-42D4-881B-33991A03635A}.Test|x86.Build.0 = Release|Any CPU
		{A11AEF5A-B246-4FE8-8330-06DB73CC8074}.Debug|Any CPU.ActiveCfg = Debug|Any CPU
		{A11AEF5A-B246-4FE8-8330-06DB73CC8074}.Debug|Any CPU.Build.0 = Debug|Any CPU
		{A11AEF5A-B246-4FE8-8330-06DB73CC8074}.Debug|x86.ActiveCfg = Debug|Any CPU
		{A11AEF5A-B246-4FE8-8330-06DB73CC8074}.Debug|x86.Build.0 = Debug|Any CPU
		{A11AEF5A-B246-4FE8-8330-06DB73CC8074}.Release|Any CPU.ActiveCfg = Release|Any CPU
		{A11AEF5A-B246-4FE8-8330-06DB73CC8074}.Release|Any CPU.Build.0 = Release|Any CPU
		{A11AEF5A-B246-4FE8-8330-06DB73CC8074}.Release|x86.ActiveCfg = Release|Any CPU
		{A11AEF5A-B246-4FE8-8330-06DB73CC8074}.Release|x86.Build.0 = Release|Any CPU
		{A11AEF5A-B246-4FE8-8330-06DB73CC8074}.Test|Any CPU.ActiveCfg = Release|Any CPU
		{A11AEF5A-B246-4FE8-8330-06DB73CC8074}.Test|Any CPU.Build.0 = Release|Any CPU
		{A11AEF5A-B246-4FE8-8330-06DB73CC8074}.Test|x86.ActiveCfg = Release|Any CPU
		{A11AEF5A-B246-4FE8-8330-06DB73CC8074}.Test|x86.Build.0 = Release|Any CPU
		{814092CD-9CD0-4FB7-91E8-D147F476F1FB}.Debug|Any CPU.ActiveCfg = Debug|Any CPU
		{814092CD-9CD0-4FB7-91E8-D147F476F1FB}.Debug|Any CPU.Build.0 = Debug|Any CPU
		{814092CD-9CD0-4FB7-91E8-D147F476F1FB}.Debug|x86.ActiveCfg = Debug|x86
		{814092CD-9CD0-4FB7-91E8-D147F476F1FB}.Debug|x86.Build.0 = Debug|x86
		{814092CD-9CD0-4FB7-91E8-D147F476F1FB}.Release|Any CPU.ActiveCfg = Release|Any CPU
		{814092CD-9CD0-4FB7-91E8-D147F476F1FB}.Release|Any CPU.Build.0 = Release|Any CPU
		{814092CD-9CD0-4FB7-91E8-D147F476F1FB}.Release|x86.ActiveCfg = Release|x86
		{814092CD-9CD0-4FB7-91E8-D147F476F1FB}.Release|x86.Build.0 = Release|x86
		{814092CD-9CD0-4FB7-91E8-D147F476F1FB}.Test|Any CPU.ActiveCfg = Test|Any CPU
		{814092CD-9CD0-4FB7-91E8-D147F476F1FB}.Test|Any CPU.Build.0 = Test|Any CPU
		{814092CD-9CD0-4FB7-91E8-D147F476F1FB}.Test|x86.ActiveCfg = Test|x86
		{814092CD-9CD0-4FB7-91E8-D147F476F1FB}.Test|x86.Build.0 = Test|x86
		{1D815FBF-451C-4E23-939C-CB80172F445C}.Debug|Any CPU.ActiveCfg = Debug|Any CPU
		{1D815FBF-451C-4E23-939C-CB80172F445C}.Debug|Any CPU.Build.0 = Debug|Any CPU
		{1D815FBF-451C-4E23-939C-CB80172F445C}.Debug|x86.ActiveCfg = Debug|x86
		{1D815FBF-451C-4E23-939C-CB80172F445C}.Debug|x86.Build.0 = Debug|x86
		{1D815FBF-451C-4E23-939C-CB80172F445C}.Release|Any CPU.ActiveCfg = Release|Any CPU
		{1D815FBF-451C-4E23-939C-CB80172F445C}.Release|Any CPU.Build.0 = Release|Any CPU
		{1D815FBF-451C-4E23-939C-CB80172F445C}.Release|x86.ActiveCfg = Release|x86
		{1D815FBF-451C-4E23-939C-CB80172F445C}.Release|x86.Build.0 = Release|x86
		{1D815FBF-451C-4E23-939C-CB80172F445C}.Test|Any CPU.ActiveCfg = Test|Any CPU
		{1D815FBF-451C-4E23-939C-CB80172F445C}.Test|Any CPU.Build.0 = Test|Any CPU
		{1D815FBF-451C-4E23-939C-CB80172F445C}.Test|x86.ActiveCfg = Test|x86
		{1D815FBF-451C-4E23-939C-CB80172F445C}.Test|x86.Build.0 = Test|x86
		{47952D7D-FA2A-4B77-BEAC-CB7029ABA7C1}.Debug|Any CPU.ActiveCfg = Debug|Any CPU
		{47952D7D-FA2A-4B77-BEAC-CB7029ABA7C1}.Debug|Any CPU.Build.0 = Debug|Any CPU
		{47952D7D-FA2A-4B77-BEAC-CB7029ABA7C1}.Debug|x86.ActiveCfg = Debug|Any CPU
		{47952D7D-FA2A-4B77-BEAC-CB7029ABA7C1}.Debug|x86.Build.0 = Debug|Any CPU
		{47952D7D-FA2A-4B77-BEAC-CB7029ABA7C1}.Release|Any CPU.ActiveCfg = Release|Any CPU
		{47952D7D-FA2A-4B77-BEAC-CB7029ABA7C1}.Release|Any CPU.Build.0 = Release|Any CPU
		{47952D7D-FA2A-4B77-BEAC-CB7029ABA7C1}.Release|x86.ActiveCfg = Release|Any CPU
		{47952D7D-FA2A-4B77-BEAC-CB7029ABA7C1}.Release|x86.Build.0 = Release|Any CPU
		{47952D7D-FA2A-4B77-BEAC-CB7029ABA7C1}.Test|Any CPU.ActiveCfg = Release|Any CPU
		{47952D7D-FA2A-4B77-BEAC-CB7029ABA7C1}.Test|Any CPU.Build.0 = Release|Any CPU
		{47952D7D-FA2A-4B77-BEAC-CB7029ABA7C1}.Test|x86.ActiveCfg = Release|Any CPU
		{47952D7D-FA2A-4B77-BEAC-CB7029ABA7C1}.Test|x86.Build.0 = Release|Any CPU
	EndGlobalSection
	GlobalSection(SolutionProperties) = preSolution
		HideSolutionNode = FALSE
	EndGlobalSection
	GlobalSection(ExtensibilityGlobals) = postSolution
		SolutionGuid = {6FB9127A-1A7F-4B2E-9175-000F0FE0F09A}
	EndGlobalSection
EndGlobal
